
Microsoft Visual Studio Solution File, Format Version 12.00
# Visual Studio Version 17
VisualStudioVersion = 17.11.35219.272
MinimumVisualStudioVersion = 10.0.40219.1
Project("{FAE04EC0-301F-11D3-BF4B-00C04F79EFBC}") = "SeleniumTestProject", "SeleniumTestProject\SeleniumTestProject.csproj", "{CF9FBFB2-7E0C-47F4-9EA2-02AE05248628}"
EndProject
Global
	GlobalSection(SolutionConfigurationPlatforms) = preSolution
		Debug|Any CPU = Debug|Any CPU
		Release|Any CPU = Release|Any CPU
	EndGlobalSection
	GlobalSection(ProjectConfigurationPlatforms) = postSolution
		{CF9FBFB2-7E0C-47F4-9EA2-02AE05248628}.Debug|Any CPU.ActiveCfg = Debug|Any CPU
		{CF9FBFB2-7E0C-47F4-9EA2-02AE05248628}.Debug|Any CPU.Build.0 = Debug|Any CPU
		{CF9FBFB2-7E0C-47F4-9EA2-02AE05248628}.Release|Any CPU.ActiveCfg = Release|Any CPU
		{CF9FBFB2-7E0C-47F4-9EA2-02AE05248628}.Release|Any CPU.Build.0 = Release|Any CPU
	EndGlobalSection
	GlobalSection(SolutionProperties) = preSolution
		HideSolutionNode = FALSE
	EndGlobalSection
	GlobalSection(ExtensibilityGlobals) = postSolution
		SolutionGuid = {5318B149-F276-49CE-8057-49BBDBAA6B8D}
	EndGlobalSection
EndGlobal
